schema: '2.0'
stages:
  train:
    cmd: python src/models/train_model.py
    deps:
    - path: data/processed
      md5: 6886611719a4812b715c10a68da30f2f.dir
      size: 28646132
      nfiles: 1
    - path: src/models/train_model.py
      md5: d41d8cd98f00b204e9800998ecf8427e
      size: 0
    outs:
    - path: models
      md5: 212652b64a51af865ef1386a70cb7888.dir
      size: 15861826026
      nfiles: 1
    - path: reports/training_metrics.txt
      md5: d41d8cd98f00b204e9800998ecf8427e
      size: 0
  eval:
    cmd: python src/models/predict_model.py
    deps:
    - path: data/processed
      md5: 6886611719a4812b715c10a68da30f2f.dir
      size: 28646132
      nfiles: 1
    - path: models
      md5: 212652b64a51af865ef1386a70cb7888.dir
      size: 15861826026
      nfiles: 1
    - path: src/models/predict_model.py
      md5: d41d8cd98f00b204e9800998ecf8427e
      size: 0
    outs:
    - path: reports/metrics.txt
      md5: d41d8cd98f00b204e9800998ecf8427e
      size: 0
  process_data:
    cmd: python src/data/make_dataset.py
    deps:
    - path: data/raw
      md5: 38de764e12fab204ec36aba063ff29a8.dir
      size: 2562384589
      nfiles: 3
    - path: src/data/make_dataset.py
      md5: d41d8cd98f00b204e9800998ecf8427e
      size: 0
    outs:
    - path: data/processed
      md5: 6886611719a4812b715c10a68da30f2f.dir
      size: 28646132
      nfiles: 1
